
Microsoft Visual Studio Solution File, Format Version 12.00
# Visual Studio 15
VisualStudioVersion = 15.0.27130.2026
MinimumVisualStudioVersion = 10.0.40219.1
Project("{9092AA53-FB77-4645-B42D-1CCCA6BD08BD}") = "CityTour", "CityTour\CityTour.njsproj", "{13655A65-9AE9-4A66-8E65-597FA8921015}"
EndProject
Global
	GlobalSection(SolutionConfigurationPlatforms) = preSolution
		Debug|Any CPU = Debug|Any CPU
		Release|Any CPU = Release|Any CPU
	EndGlobalSection
	GlobalSection(ProjectConfigurationPlatforms) = postSolution
		{13655A65-9AE9-4A66-8E65-597FA8921015}.Debug|Any CPU.ActiveCfg = Debug|Any CPU
		{13655A65-9AE9-4A66-8E65-597FA8921015}.Debug|Any CPU.Build.0 = Debug|Any CPU
		{13655A65-9AE9-4A66-8E65-597FA8921015}.Release|Any CPU.ActiveCfg = Release|Any CPU
		{13655A65-9AE9-4A66-8E65-597FA8921015}.Release|Any CPU.Build.0 = Release|Any CPU
	EndGlobalSection
	GlobalSection(SolutionProperties) = preSolution
		HideSolutionNode = FALSE
	EndGlobalSection
	GlobalSection(ExtensibilityGlobals) = postSolution
		SolutionGuid = {478474D9-EE43-437A-B9EE-171D0587D94E}
	EndGlobalSection
EndGlobal
